// !$*UTF8*$!
{
	archiveVersion = 1;
	classes = {
	};
	objectVersion = 46;
	objects = {

/* Begin PBXBuildFile section */
		66CA04C51C0AD13F00186D44 /* AppDelegate.swift in Sources */ = {isa = PBXBuildFile; fileRef = 66CA04C41C0AD13F00186D44 /* AppDelegate.swift */; };
		66CA04C71C0AD13F00186D44 /* ViewController.swift in Sources */ = {isa = PBXBuildFile; fileRef = 66CA04C61C0AD13F00186D44 /* ViewController.swift */; };
		66CA04CA1C0AD13F00186D44 /* Main.storyboard in Resources */ = {isa = PBXBuildFile; fileRef = 66CA04C81C0AD13F00186D44 /* Main.storyboard */; };
		66CA04CD1C0AD13F00186D44 /* HitList.xcdatamodeld in Sources */ = {isa = PBXBuildFile; fileRef = 66CA04CB1C0AD13F00186D44 /* HitList.xcdatamodeld */; };
		66CA04CF1C0AD13F00186D44 /* Assets.xcassets in Resources */ = {isa = PBXBuildFile; fileRef = 66CA04CE1C0AD13F00186D44 /* Assets.xcassets */; };
		66CA04D21C0AD13F00186D44 /* LaunchScreen.storyboard in Resources */ = {isa = PBXBuildFile; fileRef = 66CA04D01C0AD13F00186D44 /* LaunchScreen.storyboard */; };
		66CA04DA1C0AD1CC00186D44 /* HitTableViewController.swift in Sources */ = {isa = PBXBuildFile; fileRef = 66CA04D91C0AD1CC00186D44 /* HitTableViewController.swift */; };
/* End PBXBuildFile section */

/* Begin PBXFileReference section */
		66CA04C11C0AD13F00186D44 /* HitList.app */ = {isa = PBXFileReference; explicitFileType = wrapper.application; includeInIndex = 0; path = HitList.app; sourceTree = BUILT_PRODUCTS_DIR; };
		66CA04C41C0AD13F00186D44 /* AppDelegate.swift */ = {isa = PBXFileReference; lastKnownFileType = sourcecode.swift; path = AppDelegate.swift; sourceTree = "<group>"; };
		66CA04C61C0AD13F00186D44 /* ViewController.swift */ = {isa = PBXFileReference; lastKnownFileType = sourcecode.swift; path = ViewController.swift; sourceTree = "<group>"; };
		66CA04C91C0AD13F00186D44 /* Base */ = {isa = PBXFileReference; lastKnownFileType = file.storyboard; name = Base; path = Base.lproj/Main.storyboard; sourceTree = "<group>"; };
		66CA04CC1C0AD13F00186D44 /* HitList.xcdatamodel */ = {isa = PBXFileReference; lastKnownFileType = wrapper.xcdatamodel; path = HitList.xcdatamodel; sourceTree = "<group>"; };
		66CA04CE1C0AD13F00186D44 /* Assets.xcassets */ = {isa = PBXFileReference; lastKnownFileType = folder.assetcatalog; path = Assets.xcassets; sourceTree = "<group>"; };
		66CA04D11C0AD13F00186D44 /* Base */ = {isa = PBXFileReference; lastKnownFileType = file.storyboard; name = Base; path = Base.lproj/LaunchScreen.storyboard; sourceTree = "<group>"; };
		66CA04D31C0AD13F00186D44 /* Info.plist */ = {isa = PBXFileReference; lastKnownFileType = text.plist.xml; path = Info.plist; sourceTree = "<group>"; };
		66CA04D91C0AD1CC00186D44 /* HitTableViewController.swift */ = {isa = PBXFileReference; fileEncoding = 4; lastKnownFileType = sourcecode.swift; path = HitTableViewController.swift; sourceTree = "<group>"; };
/* End PBXFileReference section */

/* Begin PBXFrameworksBuildPhase section */
		66CA04BE1C0AD13F00186D44 /* Frameworks */ = {
			isa = PBXFrameworksBuildPhase;
			buildActionMask = 2147483647;
			files = (
			);
			runOnlyForDeploymentPostprocessing = 0;
		};
/* End PBXFrameworksBuildPhase section */

/* Begin PBXGroup section */
		66CA04B81C0AD13F00186D44 = {
			isa = PBXGroup;
			children = (
				66CA04C31C0AD13F00186D44 /* HitList */,
				66CA04C21C0AD13F00186D44 /* Products */,
			);
			sourceTree = "<group>";
		};
		66CA04C21C0AD13F00186D44 /* Products */ = {
			isa = PBXGroup;
			children = (
				66CA04C11C0AD13F00186D44 /* HitList.app */,
			);
			name = Products;
			sourceTree = "<group>";
		};
		66CA04C31C0AD13F00186D44 /* HitList */ = {
			isa = PBXGroup;
			children = (
				66CA04C41C0AD13F00186D44 /* AppDelegate.swift */,
				66CA04C61C0AD13F00186D44 /* ViewController.swift */,
				66CA04D91C0AD1CC00186D44 /* HitTableViewController.swift */,
				66CA04C81C0AD13F00186D44 /* Main.storyboard */,
				66CA04CE1C0AD13F00186D44 /* Assets.xcassets */,
				66CA04D01C0AD13F00186D44 /* LaunchScreen.storyboard */,
				66CA04D31C0AD13F00186D44 /* Info.plist */,
				66CA04CB1C0AD13F00186D44 /* HitList.xcdatamodeld */,
			);
			path = HitList;
			sourceTree = "<group>";
		};
/* End PBXGroup section */

/* Begin PBXNativeTarget section */
		66CA04C01C0AD13F00186D44 /* HitList */ = {
			isa = PBXNativeTarget;
			buildConfigurationList = 66CA04D61C0AD13F00186D44 /* Build configuration list for PBXNativeTarget "HitList" */;
			buildPhases = (
				66CA04BD1C0AD13F00186D44 /* Sources */,
				66CA04BE1C0AD13F00186D44 /* Frameworks */,
				66CA04BF1C0AD13F00186D44 /* Resources */,
			);
			buildRules = (
			);
			dependencies = (
			);
			name = HitList;
			productName = HitList;
			productReference = 66CA04C11C0AD13F00186D44 /* HitList.app */;
			productType = "com.apple.product-type.application";
		};
/* End PBXNativeTarget section */

/* Begin PBXProject section */
		66CA04B91C0AD13F00186D44 /* Project object */ = {
			isa = PBXProject;
			attributes = {
				LastSwiftUpdateCheck = 0710;
				LastUpgradeCheck = 0710;
				ORGANIZATIONNAME = huangyanan;
				TargetAttributes = {
					66CA04C01C0AD13F00186D44 = {
						CreatedOnToolsVersion = 7.1.1;
					};
				};
			};
			buildConfigurationList = 66CA04BC1C0AD13F00186D44 /* Build configuration list for PBXProject "HitList" */;
			compatibilityVersion = "Xcode 3.2";
			developmentRegion = English;
			hasScannedForEncodings = 0;
			knownRegions = (
				en,
				Base,
			);
			mainGroup = 66CA04B81C0AD13F00186D44;
			productRefGroup = 66CA04C21C0AD13F00186D44 /* Products */;
			projectDirPath = "";
			projectRoot = "";
			targets = (
				66CA04C01C0AD13F00186D44 /* HitList */,
			);
		};
/* End PBXProject section */

/* Begin PBXResourcesBuildPhase section */
		66CA04BF1C0AD13F00186D44 /* Resources */ = {
			isa = PBXResourcesBuildPhase;
			buildActionMask = 2147483647;
			files = (
				66CA04D21C0AD13F00186D44 /* LaunchScreen.storyboard in Resources */,
				66CA04CF1C0AD13F00186D44 /* Assets.xcassets in Resources */,
				66CA04CA1C0AD13F00186D44 /* Main.storyboard in Resources */,
			);
			runOnlyForDeploymentPostprocessing = 0;
		};
/* End PBXResourcesBuildPhase section */

/* Begin PBXSourcesBuildPhase section */
		66CA04BD1C0AD13F00186D44 /* Sources */ = {
			isa = PBXSourcesBuildPhase;
			buildActionMask = 2147483647;
			files = (
				66CA04CD1C0AD13F00186D44 /* HitList.xcdatamodeld in Sources */,
				66CA04C71C0AD13F00186D44 /* ViewController.swift in Sources */,
				66CA04C51C0AD13F00186D44 /* AppDelegate.swift in Sources */,
				66CA04DA1C0AD1CC00186D44 /* HitTableViewController.swift in Sources */,
			);
			runOnlyForDeploymentPostprocessing = 0;
		};
/* End PBXSourcesBuildPhase section */

/* Begin PBXVariantGroup section */
		66CA04C81C0AD13F00186D44 /* Main.storyboard */ = {
			isa = PBXVariantGroup;
			children = (
				66CA04C91C0AD13F00186D44 /* Base */,
			);
			name = Main.storyboard;
			sourceTree = "<group>";
		};
		66CA04D01C0AD13F00186D44 /* LaunchScreen.storyboard */ = {
			isa = PBXVariantGroup;
			children = (
				66CA04D11C0AD13F00186D44 /* Base */,
			);
			name = LaunchScreen.storyboard;
			sourceTree = "<group>";
		};
/* End PBXVariantGroup section */

/* Begin XCBuildConfiguration section */
		66CA04D41C0AD13F00186D44 /* Debug */ = {
			isa = XCBuildConfiguration;
			buildSettings = {
				ALWAYS_SEARCH_USER_PATHS = NO;
				CLANG_CXX_LANGUAGE_STANDARD = "gnu++0x";
				CLANG_CXX_LIBRARY = "libc++";
				CLANG_ENABLE_MODULES = YES;
				CLANG_ENABLE_OBJC_ARC = YES;
				CLANG_WARN_BOOL_CONVERSION = YES;
				CLANG_WARN_CONSTANT_CONVERSION = YES;
				CLANG_WARN_DIRECT_OBJC_ISA_USAGE = YES_ERROR;
				CLANG_WARN_EMPTY_BODY = YES;
				CLANG_WARN_ENUM_CONVERSION = YES;
				CLANG_WARN_INT_CONVERSION = YES;
				CLANG_WARN_OBJC_ROOT_CLASS = YES_ERROR;
				CLANG_WARN_UNREACHABLE_CODE = YES;
				CLANG_WARN__DUPLICATE_METHOD_MATCH = YES;
				"CODE_SIGN_IDENTITY[sdk=iphoneos*]" = "iPhone Developer";
				COPY_PHASE_STRIP = NO;
				DEBUG_INFORMATION_FORMAT = dwarf;
				ENABLE_STRICT_OBJC_MSGSEND = YES;
				ENABLE_TESTABILITY = YES;
				GCC_C_LANGUAGE_STANDARD = gnu99;
				GCC_DYNAMIC_NO_PIC = NO;
				GCC_NO_COMMON_BLOCKS = YES;
				GCC_OPTIMIZATION_LEVEL = 0;
				GCC_PREPROCESSOR_DEFINITIONS = (
					"DEBUG=1",
					"$(inherited)",
				);
				GCC_WARN_64_TO_32_BIT_CONVERSION = YES;
				GCC_WARN_ABOUT_RETURN_TYPE = YES_ERROR;
				GCC_WARN_UNDECLARED_SELECTOR = YES;
				GCC_WARN_UNINITIALIZED_AUTOS = YES_AGGRESSIVE;
				GCC_WARN_UNUSED_FUNCTION = YES;
				GCC_WARN_UNUSED_VARIABLE = YES;
				IPHONEOS_DEPLOYMENT_TARGET = 9.1;
				MTL_ENABLE_DEBUG_INFO = YES;
				ONLY_ACTIVE_ARCH = YES;
				SDKROOT = iphoneos;
				SWIFT_OPTIMIZATION_LEVEL = "-Onone";
			};
			name = Debug;
		};
		66CA04D51C0AD13F00186D44 /* Release */ = {
			isa = XCBuildConfiguration;
			buildSettings = {
				ALWAYS_SEARCH_USER_PATHS = NO;
				CLANG_CXX_LANGUAGE_STANDARD = "gnu++0x";
				CLANG_CXX_LIBRARY = "libc++";
				CLANG_ENABLE_MODULES = YES;
				CLANG_ENABLE_OBJC_ARC = YES;
				CLANG_WARN_BOOL_CONVERSION = YES;
				CLANG_WARN_CONSTANT_CONVERSION = YES;
				CLANG_WARN_DIRECT_OBJC_ISA_USAGE = YES_ERROR;
				CLANG_WARN_EMPTY_BODY = YES;
				CLANG_WARN_ENUM_CONVERSION = YES;
				CLANG_WARN_INT_CONVERSION = YES;
				CLANG_WARN_OBJC_ROOT_CLASS = YES_ERROR;
				CLANG_WARN_UNREACHABLE_CODE = YES;
				CLANG_WARN__DUPLICATE_METHOD_MATCH = YES;
				"CODE_SIGN_IDENTITY[sdk=iphoneos*]" = "iPhone Developer";
				COPY_PHASE_STRIP = NO;
				DEBUG_INFORMATION_FORMAT = "dwarf-with-dsym";
				ENABLE_NS_ASSERTIONS = NO;
				ENABLE_STRICT_OBJC_MSGSEND = YES;
				GCC_C_LANGUAGE_STANDARD = gnu99;
				GCC_NO_COMMON_BLOCKS = YES;
				GCC_WARN_64_TO_32_BIT_CONVERSION = YES;
				GCC_WARN_ABOUT_RETURN_TYPE = YES_ERROR;
				GCC_WARN_UNDECLARED_SELECTOR = YES;
				GCC_WARN_UNINITIALIZED_AUTOS = YES_AGGRESSIVE;
				GCC_WARN_UNUSED_FUNCTION = YES;
				GCC_WARN_UNUSED_VARIABLE = YES;
				IPHONEOS_DEPLOYMENT_TARGET = 9.1;
				MTL_ENABLE_DEBUG_INFO = NO;
				SDKROOT = iphoneos;
				VALIDATE_PRODUCT = YES;
			};
			name = Release;
		};
		66CA04D71C0AD13F00186D44 /* Debug */ = {
			isa = XCBuildConfiguration;
			buildSettings = {
				ASSETCATALOG_COMPILER_APPICON_NAME = AppIcon;
				ASSETCATALOG_COMPILER_LAUNCHIMAGE_NAME = "Brand Assets";
				INFOPLIST_FILE = HitList/Info.plist;
				LD_RUNPATH_SEARCH_PATHS = "$(inherited) @executable_path/Frameworks";
				PRODUCT_BUNDLE_IDENTIFIER = com.dingdingzufangzi.HitList;
				PRODUCT_NAME = "$(TARGET_NAME)";
			};
			name = Debug;
		};
		66CA04D81C0AD13F00186D44 /* Release */ = {
			isa = XCBuildConfiguration;
			buildSettings = {
				ASSETCATALOG_COMPILER_APPICON_NAME = AppIcon;
				ASSETCATALOG_COMPILER_LAUNCHIMAGE_NAME = "Brand Assets";
				INFOPLIST_FILE = HitList/Info.plist;
				LD_RUNPATH_SEARCH_PATHS = "$(inherited) @executable_path/Frameworks";
				PRODUCT_BUNDLE_IDENTIFIER = com.dingdingzufangzi.HitList;
				PRODUCT_NAME = "$(TARGET_NAME)";
			};
			name = Release;
		};
/* End XCBuildConfiguration section */

/* Begin XCConfigurationList section */
		66CA04BC1C0AD13F00186D44 /* Build configuration list for PBXProject "HitList" */ = {
			isa = XCConfigurationList;
			buildConfigurations = (
				66CA04D41C0AD13F00186D44 /* Debug */,
				66CA04D51C0AD13F00186D44 /* Release */,
			);
			defaultConfigurationIsVisible = 0;
			defaultConfigurationName = Release;
		};
		66CA04D61C0AD13F00186D44 /* Build configuration list for PBXNativeTarget "HitList" */ = {
			isa = XCConfigurationList;
			buildConfigurations = (
				66CA04D71C0AD13F00186D44 /* Debug */,
				66CA04D81C0AD13F00186D44 /* Release */,
			);
			defaultConfigurationIsVisible = 0;
			defaultConfigurationName = Release;
		};
/* End XCConfigurationList section */

/* Begin XCVersionGroup section */
		66CA04CB1C0AD13F00186D44 /* HitList.xcdatamodeld */ = {
			isa = XCVersionGroup;
			children = (
				66CA04CC1C0AD13F00186D44 /* HitList.xcdatamodel */,
			);
			currentVersion = 66CA04CC1C0AD13F00186D44 /* HitList.xcdatamodel */;
			path = HitList.xcdatamodeld;
			sourceTree = "<group>";
			versionGroupType = wrapper.xcdatamodel;
		};
/* End XCVersionGroup section */
	};
	rootObject = 66CA04B91C0AD13F00186D44 /* Project object */;
}
